<?xml version="1.0" encoding="utf-8"?>
<Project ToolsVersion="4.0" xmlns="http://schemas.microsoft.com/developer/msbuild/2003">
  <ItemGroup>
    <Filter Include="Source Files">
      <UniqueIdentifier>{4FC737F1-C7A5-4376-A066-2A32D752A2FF}</UniqueIdentifier>
      <Extensions>cpp;c;cc;cxx;c++;cppm;ixx;def;odl;idl;hpj;bat;asm;asmx</Extensions>
    </Filter>
    <Filter Include="Header Files">
      <UniqueIdentifier>{93995380-89BD-4b04-88EB-625FBE52EBFB}</UniqueIdentifier>
      <Extensions>h;hh;hpp;hxx;h++;hm;inl;inc;ipp;xsd</Extensions>
    </Filter>
    <Filter Include="Resource Files">
      <UniqueIdentifier>{67DA6AB6-F800-4c08-8B7A-83BB121AAD01}</UniqueIdentifier>
      <Extensions>rc;ico;cur;bmp;dlg;rc2;rct;bin;rgs;gif;jpg;jpeg;jpe;resx;tiff;tif;png;wav;mfcribbon-ms</Extensions>
    </Filter>
  </ItemGroup>
  <ItemGroup>
    <ClCompile Include="8-1.c">
      <Filter>Source Files</Filter>
    </ClCompile>
    <ClCompile Include="8-2.c">
      <Filter>Source Files</Filter>
    </ClCompile>
    <ClCompile Include="8-3.c">
      <Filter>Source Files</Filter>
    </ClCompile>
    <ClCompile Include="8-4.c">
      <Filter>Source Files</Filter>
    </ClCompile>
    <ClCompile Include="8-5.c">
      <Filter>Source Files</Filter>
    </ClCompile>
    <ClCompile Include="8-6.c">
      <Filter>Source Files</Filter>
    </ClCompile>
    <ClCompile Include="8-7.c">
      <Filter>Source Files</Filter>
    </ClCompile>
    <ClCompile Include="8-8.c">
      <Filter>Source Files</Filter>
    </ClCompile>
    <ClCompile Include="play.c">
      <Filter>Source Files</Filter>
    </ClCompile>
    <ClCompile Include="9-1.c">
      <Filter>Source Files</Filter>
    </ClCompile>
    <ClCompile Include="9-2.c">
      <Filter>Source Files</Filter>
    </ClCompile>
    <ClCompile Include="9-3.c">
      <Filter>Source Files</Filter>
    </ClCompile>
    <ClCompile Include="9-4.c">
      <Filter>Source Files</Filter>
    </ClCompile>
    <ClCompile Include="9-5.c">
      <Filter>Source Files</Filter>
    </ClCompile>
    <ClCompile Include="9-6.c">
      <Filter>Source Files</Filter>
    </ClCompile>
    <ClCompile Include="9-7.c">
      <Filter>Source Files</Filter>
    </ClCompile>
    <ClCompile Include="9-8.c">
      <Filter>Source Files</Filter>
    </ClCompile>
    <ClCompile Include="9-9.c">
      <Filter>Source Files</Filter>
    </ClCompile>
    <ClCompile Include="9-10.c">
      <Filter>Source Files</Filter>
    </ClCompile>
    <ClCompile Include="9-11.c">
      <Filter>Source Files</Filter>
    </ClCompile>
    <ClCompile Include="10-1.c">
      <Filter>Source Files</Filter>
    </ClCompile>
    <ClCompile Include="10-2.c">
      <Filter>Source Files</Filter>
    </ClCompile>
    <ClCompile Include="10-3.c">
      <Filter>Source Files</Filter>
    </ClCompile>
    <ClCompile Include="10-4.c">
      <Filter>Source Files</Filter>
    </ClCompile>
    <ClCompile Include="10-5.c">
      <Filter>Source Files</Filter>
    </ClCompile>
    <ClCompile Include="10-6.c">
      <Filter>Source Files</Filter>
    </ClCompile>
    <ClCompile Include="10-7.c">
      <Filter>Source Files</Filter>
    </ClCompile>
    <ClCompile Include="10-8.c">
      <Filter>Source Files</Filter>
    </ClCompile>
    <ClCompile Include="10-9.c">
      <Filter>Source Files</Filter>
    </ClCompile>
    <ClCompile Include="10-10.c">
      <Filter>Source Files</Filter>
    </ClCompile>
    <ClCompile Include="10-11.c">
      <Filter>Source Files</Filter>
    </ClCompile>
    <ClCompile Include="10-12.c">
      <Filter>Source Files</Filter>
    </ClCompile>
    <ClCompile Include="10-13.c">
      <Filter>Source Files</Filter>
    </ClCompile>
    <ClCompile Include="10-14.c">
      <Filter>Source Files</Filter>
    </ClCompile>
    <ClCompile Include="11-1.c">
      <Filter>Source Files</Filter>
    </ClCompile>
    <ClCompile Include="11-2.c">
      <Filter>Source Files</Filter>
    </ClCompile>
    <ClCompile Include="11-3.c">
      <Filter>Source Files</Filter>
    </ClCompile>
    <ClCompile Include="11-4.c">
      <Filter>Source Files</Filter>
    </ClCompile>
    <ClCompile Include="11-5.c">
      <Filter>Source Files</Filter>
    </ClCompile>
    <ClCompile Include="11-6.c">
      <Filter>Source Files</Filter>
    </ClCompile>
    <ClCompile Include="11-7.c">
      <Filter>Source Files</Filter>
    </ClCompile>
    <ClCompile Include="11-8.c">
      <Filter>Source Files</Filter>
    </ClCompile>
    <ClCompile Include="11-9.c">
      <Filter>Source Files</Filter>
    </ClCompile>
    <ClCompile Include="11-10.c">
      <Filter>Source Files</Filter>
    </ClCompile>
    <ClCompile Include="11-11.c">
      <Filter>Source Files</Filter>
    </ClCompile>
    <ClCompile Include="11-12.c">
      <Filter>Source Files</Filter>
    </ClCompile>
    <ClCompile Include="11-13.c">
      <Filter>Source Files</Filter>
    </ClCompile>
    <ClCompile Include="11-14.c">
      <Filter>Source Files</Filter>
    </ClCompile>
    <ClCompile Include="11-15.c">
      <Filter>Source Files</Filter>
    </ClCompile>
    <ClCompile Include="11-16.c">
      <Filter>Source Files</Filter>
    </ClCompile>
    <ClCompile Include="12-1.c">
      <Filter>Source Files</Filter>
    </ClCompile>
    <ClCompile Include="rand0.c">
      <Filter>Source Files</Filter>
    </ClCompile>
    <ClCompile Include="r_driver0.c">
      <Filter>Source Files</Filter>
    </ClCompile>
    <ClCompile Include="random_dice.c">
      <Filter>Source Files</Filter>
    </ClCompile>
    <ClCompile Include="random_dice_driver.c">
      <Filter>Source Files</Filter>
    </ClCompile>
    <ClCompile Include="12-2.c">
      <Filter>Source Files</Filter>
    </ClCompile>
    <ClCompile Include="12-2a.c">
      <Filter>Source Files</Filter>
    </ClCompile>
    <ClCompile Include="13-1.c">
      <Filter>Source Files</Filter>
    </ClCompile>
    <ClCompile Include="12-3.c">
      <Filter>Source Files</Filter>
    </ClCompile>
    <ClCompile Include="12-3a.c">
      <Filter>Source Files</Filter>
    </ClCompile>
    <ClCompile Include="12-4.c">
      <Filter>Source Files</Filter>
    </ClCompile>
    <ClCompile Include="12-5.c">
      <Filter>Source Files</Filter>
    </ClCompile>
    <ClCompile Include="12-6.c">
      <Filter>Source Files</Filter>
    </ClCompile>
    <ClCompile Include="12-7diceroll.c">
      <Filter>Source Files</Filter>
    </ClCompile>
    <ClCompile Include="12-7.c">
      <Filter>Source Files</Filter>
    </ClCompile>
    <ClCompile Include="rain.c">
      <Filter>Source Files</Filter>
    </ClCompile>
    <ClCompile Include="12-7-1.c">
      <Filter>Source Files</Filter>
    </ClCompile>
    <ClCompile Include="12-8.c">
      <Filter>Source Files</Filter>
    </ClCompile>
    <ClCompile Include="12-9.c">
      <Filter>Source Files</Filter>
    </ClCompile>
    <ClCompile Include="13-2.c">
      <Filter>Source Files</Filter>
    </ClCompile>
    <ClCompile Include="13-3.c">
      <Filter>Source Files</Filter>
    </ClCompile>
    <ClCompile Include="13-4.c">
      <Filter>Source Files</Filter>
    </ClCompile>
    <ClCompile Include="13-5.c">
      <Filter>Source Files</Filter>
    </ClCompile>
    <ClCompile Include="13-6.c">
      <Filter>Source Files</Filter>
    </ClCompile>
    <ClCompile Include="13-7.c">
      <Filter>Source Files</Filter>
    </ClCompile>
    <ClCompile Include="13-8.c">
      <Filter>Source Files</Filter>
    </ClCompile>
    <ClCompile Include="13-9.c">
      <Filter>Source Files</Filter>
    </ClCompile>
    <ClCompile Include="13-10.c">
      <Filter>Source Files</Filter>
    </ClCompile>
    <ClCompile Include="13-11.c">
      <Filter>Source Files</Filter>
    </ClCompile>
    <ClCompile Include="13-12.c">
      <Filter>Source Files</Filter>
    </ClCompile>
    <ClCompile Include="13-13.c">
      <Filter>Source Files</Filter>
    </ClCompile>
    <ClCompile Include="13-14.c">
      <Filter>Source Files</Filter>
    </ClCompile>
    <ClCompile Include="13-15.c">
      <Filter>Source Files</Filter>
    </ClCompile>
    <ClCompile Include="custom.c">
      <Filter>Source Files</Filter>
    </ClCompile>
    <ClCompile Include="14-1.c">
      <Filter>Source Files</Filter>
    </ClCompile>
    <ClCompile Include="14-2.c">
      <Filter>Source Files</Filter>
    </ClCompile>
    <ClCompile Include="14-3.c">
      <Filter>Source Files</Filter>
    </ClCompile>
    <ClCompile Include="14-4.c">
      <Filter>Source Files</Filter>
    </ClCompile>
    <ClCompile Include="example1.c">
      <Filter>Source Files</Filter>
    </ClCompile>
    <ClCompile Include="14-5.c">
      <Filter>Source Files</Filter>
    </ClCompile>
    <ClCompile Include="14-6.c">
      <Filter>Source Files</Filter>
    </ClCompile>
    <ClCompile Include="14-8.c">
      <Filter>Source Files</Filter>
    </ClCompile>
    <ClCompile Include="14-10.c">
      <Filter>Source Files</Filter>
    </ClCompile>
  </ItemGroup>
  <ItemGroup>
    <ClInclude Include="custom.h">
      <Filter>Header Files</Filter>
    </ClInclude>
    <ClInclude Include="12-2a.h">
      <Filter>Header Files</Filter>
    </ClInclude>
    <ClInclude Include="12-3a.h">
      <Filter>Header Files</Filter>
    </ClInclude>
    <ClInclude Include="diceroll.h">
      <Filter>Header Files</Filter>
    </ClInclude>
    <ClInclude Include="play.h">
      <Filter>Header Files</Filter>
    </ClInclude>
  </ItemGroup>
  <ItemGroup>
    <Text Include="airline_data.txt" />
  </ItemGroup>
</Project>